
Microsoft Visual Studio Solution File, Format Version 12.00
# Visual Studio 14
VisualStudioVersion = 14.0.25420.1
MinimumVisualStudioVersion = 10.0.40219.1
Project("{FAE04EC0-301F-11D3-BF4B-00C04F79EFBC}") = "ES.Core", "ES.Core\ES.Core.csproj", "{FE5C47DE-4C78-49A7-9C3C-25FFEDA88761}"
EndProject
Project("{2150E333-8FDC-42A3-9474-1A3956D46DE8}") = "CSUES.Database", "CSUES.Database", "{A2D949BD-E615-4F17-8744-1EAE3A4EC40C}"
	ProjectSection(SolutionItems) = preProject
		CSUES.Database\ExperimentDatabase.dll = CSUES.Database\ExperimentDatabase.dll
	EndProjectSection
EndProject
Project("{FAE04EC0-301F-11D3-BF4B-00C04F79EFBC}") = "CSUES.Engine", "CSUES.Engine\CSUES.Engine.csproj", "{623F5515-96C7-4A15-BD5B-65FCE100DB98}"
EndProject
Project("{FAE04EC0-301F-11D3-BF4B-00C04F79EFBC}") = "CSUES.ConsoleApplication", "CSUES.ConsoleApplication\CSUES.ConsoleApplication.csproj", "{A6B280DF-3570-4F34-BA0C-CFCF564BF603}"
EndProject
Project("{FAE04EC0-301F-11D3-BF4B-00C04F79EFBC}") = "CSUES.Common", "CSUES.Common\CSUES.Common.csproj", "{0B82A7A6-C481-474B-8ACC-74B857FC85D8}"
EndProject
Project("{FAE04EC0-301F-11D3-BF4B-00C04F79EFBC}") = "CSUES.WinApplication", "CSUES.WinApplication\CSUES.WinApplication.csproj", "{A0972D17-C268-440A-BE7E-F68D644338B9}"
EndProject
Project("{2150E333-8FDC-42A3-9474-1A3956D46DE8}") = "Gurobi", "Gurobi", "{C4B4F76C-70CF-427C-BB60-41C575C48875}"
	ProjectSection(SolutionItems) = preProject
		Gurobi\gurobi75.dll = Gurobi\gurobi75.dll
		Gurobi\Gurobi75.NET.dll = Gurobi\Gurobi75.NET.dll
	EndProjectSection
EndProject
Global
	GlobalSection(SolutionConfigurationPlatforms) = preSolution
		Debug|Any CPU = Debug|Any CPU
		Release|Any CPU = Release|Any CPU
	EndGlobalSection
	GlobalSection(ProjectConfigurationPlatforms) = postSolution
		{FE5C47DE-4C78-49A7-9C3C-25FFEDA88761}.Debug|Any CPU.ActiveCfg = Debug|Any CPU
		{FE5C47DE-4C78-49A7-9C3C-25FFEDA88761}.Debug|Any CPU.Build.0 = Debug|Any CPU
		{FE5C47DE-4C78-49A7-9C3C-25FFEDA88761}.Release|Any CPU.ActiveCfg = Release|Any CPU
		{FE5C47DE-4C78-49A7-9C3C-25FFEDA88761}.Release|Any CPU.Build.0 = Release|Any CPU
		{623F5515-96C7-4A15-BD5B-65FCE100DB98}.Debug|Any CPU.ActiveCfg = Debug|Any CPU
		{623F5515-96C7-4A15-BD5B-65FCE100DB98}.Debug|Any CPU.Build.0 = Debug|Any CPU
		{623F5515-96C7-4A15-BD5B-65FCE100DB98}.Release|Any CPU.ActiveCfg = Release|Any CPU
		{623F5515-96C7-4A15-BD5B-65FCE100DB98}.Release|Any CPU.Build.0 = Release|Any CPU
		{A6B280DF-3570-4F34-BA0C-CFCF564BF603}.Debug|Any CPU.ActiveCfg = Debug|Any CPU
		{A6B280DF-3570-4F34-BA0C-CFCF564BF603}.Debug|Any CPU.Build.0 = Debug|Any CPU
		{A6B280DF-3570-4F34-BA0C-CFCF564BF603}.Release|Any CPU.ActiveCfg = Release|Any CPU
		{A6B280DF-3570-4F34-BA0C-CFCF564BF603}.Release|Any CPU.Build.0 = Release|Any CPU
		{0B82A7A6-C481-474B-8ACC-74B857FC85D8}.Debug|Any CPU.ActiveCfg = Debug|Any CPU
		{0B82A7A6-C481-474B-8ACC-74B857FC85D8}.Debug|Any CPU.Build.0 = Debug|Any CPU
		{0B82A7A6-C481-474B-8ACC-74B857FC85D8}.Release|Any CPU.ActiveCfg = Release|Any CPU
		{0B82A7A6-C481-474B-8ACC-74B857FC85D8}.Release|Any CPU.Build.0 = Release|Any CPU
		{A0972D17-C268-440A-BE7E-F68D644338B9}.Debug|Any CPU.ActiveCfg = Debug|Any CPU
		{A0972D17-C268-440A-BE7E-F68D644338B9}.Debug|Any CPU.Build.0 = Debug|Any CPU
		{A0972D17-C268-440A-BE7E-F68D644338B9}.Release|Any CPU.ActiveCfg = Release|Any CPU
		{A0972D17-C268-440A-BE7E-F68D644338B9}.Release|Any CPU.Build.0 = Release|Any CPU
	EndGlobalSection
	GlobalSection(SolutionProperties) = preSolution
		HideSolutionNode = FALSE
	EndGlobalSection
EndGlobal
